
Microsoft Visual Studio Solution File, Format Version 12.00
# Visual Studio 2012
Project("{FAE04EC0-301F-11D3-BF4B-00C04F79EFBC}") = "ManagedLibrary", "ManagedLibrary\ManagedLibrary.csproj", "{6CAFBA48-788C-40C3-B1BB-5802C24FA980}"
EndProject
Global
	GlobalSection(SolutionConfigurationPlatforms) = preSolution
		Debug|Any CPU = Debug|Any CPU
		Release|Any CPU = Release|Any CPU
	EndGlobalSection
	GlobalSection(ProjectConfigurationPlatforms) = postSolution
		{6CAFBA48-788C-40C3-B1BB-5802C24FA980}.Debug|Any CPU.ActiveCfg = Debug|Any CPU
		{6CAFBA48-788C-40C3-B1BB-5802C24FA980}.Debug|Any CPU.Build.0 = Debug|Any CPU
		{6CAFBA48-788C-40C3-B1BB-5802C24FA980}.Release|Any CPU.ActiveCfg = Release|Any CPU
		{6CAFBA48-788C-40C3-B1BB-5802C24FA980}.Release|Any CPU.Build.0 = Release|Any CPU
	EndGlobalSection
EndGlobal
