// !$*UTF8*$!
{
	archiveVersion = 1;
	classes = {
	};
	objectVersion = 46;
	objects = {

/* Begin PBXBuildFile section */
		D8537A751AF847F10009EABB /* CoreFoundation.framework in Frameworks */ = {isa = PBXBuildFile; fileRef = D8ECBB201AF7B8CA0038AB76 /* CoreFoundation.framework */; };
		D8578D1A1AF4338E0083D135 /* main.cpp in Sources */ = {isa = PBXBuildFile; fileRef = D8578D191AF4338E0083D135 /* main.cpp */; };
		D8CBA2D81AF44DE100C7E1C0 /* Mono in Frameworks */ = {isa = PBXBuildFile; fileRef = D8CBA2D71AF44DE100C7E1C0 /* Mono */; };
/* End PBXBuildFile section */

/* Begin PBXCopyFilesBuildPhase section */
		D8578D141AF4338E0083D135 /* CopyFiles */ = {
			isa = PBXCopyFilesBuildPhase;
			buildActionMask = 2147483647;
			dstPath = /usr/share/man/man1/;
			dstSubfolderSpec = 0;
			files = (
			);
			runOnlyForDeploymentPostprocessing = 1;
		};
/* End PBXCopyFilesBuildPhase section */

/* Begin PBXFileReference section */
		D8578D161AF4338E0083D135 /* MonoEmbedTest */ = {isa = PBXFileReference; explicitFileType = "compiled.mach-o.executable"; includeInIndex = 0; path = MonoEmbedTest; sourceTree = BUILT_PRODUCTS_DIR; };
		D8578D191AF4338E0083D135 /* main.cpp */ = {isa = PBXFileReference; lastKnownFileType = sourcecode.cpp.cpp; path = main.cpp; sourceTree = "<group>"; };
		D8CBA2D71AF44DE100C7E1C0 /* Mono */ = {isa = PBXFileReference; lastKnownFileType = "compiled.mach-o.dylib"; name = Mono; path = ../../../../../../Library/Frameworks/Mono.framework/Mono; sourceTree = "<group>"; };
		D8ECBB201AF7B8CA0038AB76 /* CoreFoundation.framework */ = {isa = PBXFileReference; lastKnownFileType = wrapper.framework; name = CoreFoundation.framework; path = System/Library/Frameworks/CoreFoundation.framework; sourceTree = SDKROOT; };
/* End PBXFileReference section */

/* Begin PBXFrameworksBuildPhase section */
		D8578D131AF4338E0083D135 /* Frameworks */ = {
			isa = PBXFrameworksBuildPhase;
			buildActionMask = 2147483647;
			files = (
				D8537A751AF847F10009EABB /* CoreFoundation.framework in Frameworks */,
				D8CBA2D81AF44DE100C7E1C0 /* Mono in Frameworks */,
			);
			runOnlyForDeploymentPostprocessing = 0;
		};
/* End PBXFrameworksBuildPhase section */

/* Begin PBXGroup section */
		D8578D0D1AF4338E0083D135 = {
			isa = PBXGroup;
			children = (
				D8ECBB201AF7B8CA0038AB76 /* CoreFoundation.framework */,
				D8CBA2D71AF44DE100C7E1C0 /* Mono */,
				D8578D181AF4338E0083D135 /* MonoEmbedTest */,
				D8578D171AF4338E0083D135 /* Products */,
			);
			sourceTree = "<group>";
		};
		D8578D171AF4338E0083D135 /* Products */ = {
			isa = PBXGroup;
			children = (
				D8578D161AF4338E0083D135 /* MonoEmbedTest */,
			);
			name = Products;
			sourceTree = "<group>";
		};
		D8578D181AF4338E0083D135 /* MonoEmbedTest */ = {
			isa = PBXGroup;
			children = (
				D8578D191AF4338E0083D135 /* main.cpp */,
			);
			path = MonoEmbedTest;
			sourceTree = "<group>";
		};
/* End PBXGroup section */

/* Begin PBXNativeTarget section */
		D8578D151AF4338E0083D135 /* MonoEmbedTest */ = {
			isa = PBXNativeTarget;
			buildConfigurationList = D8578D1D1AF4338E0083D135 /* Build configuration list for PBXNativeTarget "MonoEmbedTest" */;
			buildPhases = (
				D8578D121AF4338E0083D135 /* Sources */,
				D8578D131AF4338E0083D135 /* Frameworks */,
				D8578D141AF4338E0083D135 /* CopyFiles */,
			);
			buildRules = (
			);
			dependencies = (
			);
			name = MonoEmbedTest;
			productName = MonoEmbedTest;
			productReference = D8578D161AF4338E0083D135 /* MonoEmbedTest */;
			productType = "com.apple.product-type.tool";
		};
/* End PBXNativeTarget section */

/* Begin PBXProject section */
		D8578D0E1AF4338E0083D135 /* Project object */ = {
			isa = PBXProject;
			attributes = {
				LastUpgradeCheck = 0630;
				ORGANIZATIONNAME = "Joe Best";
				TargetAttributes = {
					D8578D151AF4338E0083D135 = {
						CreatedOnToolsVersion = 6.3;
					};
				};
			};
			buildConfigurationList = D8578D111AF4338E0083D135 /* Build configuration list for PBXProject "MonoEmbedTest" */;
			compatibilityVersion = "Xcode 3.2";
			developmentRegion = English;
			hasScannedForEncodings = 0;
			knownRegions = (
				en,
			);
			mainGroup = D8578D0D1AF4338E0083D135;
			productRefGroup = D8578D171AF4338E0083D135 /* Products */;
			projectDirPath = "";
			projectRoot = "";
			targets = (
				D8578D151AF4338E0083D135 /* MonoEmbedTest */,
			);
		};
/* End PBXProject section */

/* Begin PBXSourcesBuildPhase section */
		D8578D121AF4338E0083D135 /* Sources */ = {
			isa = PBXSourcesBuildPhase;
			buildActionMask = 2147483647;
			files = (
				D8578D1A1AF4338E0083D135 /* main.cpp in Sources */,
			);
			runOnlyForDeploymentPostprocessing = 0;
		};
/* End PBXSourcesBuildPhase section */

/* Begin XCBuildConfiguration section */
		D8578D1B1AF4338E0083D135 /* Debug */ = {
			isa = XCBuildConfiguration;
			buildSettings = {
				ALWAYS_SEARCH_USER_PATHS = NO;
				CLANG_CXX_LANGUAGE_STANDARD = "gnu++0x";
				CLANG_CXX_LIBRARY = "libc++";
				CLANG_ENABLE_MODULES = YES;
				CLANG_ENABLE_OBJC_ARC = YES;
				CLANG_WARN_BOOL_CONVERSION = YES;
				CLANG_WARN_CONSTANT_CONVERSION = YES;
				CLANG_WARN_DIRECT_OBJC_ISA_USAGE = YES_ERROR;
				CLANG_WARN_EMPTY_BODY = YES;
				CLANG_WARN_ENUM_CONVERSION = YES;
				CLANG_WARN_INT_CONVERSION = YES;
				CLANG_WARN_OBJC_ROOT_CLASS = YES_ERROR;
				CLANG_WARN_UNREACHABLE_CODE = YES;
				CLANG_WARN__DUPLICATE_METHOD_MATCH = YES;
				COPY_PHASE_STRIP = NO;
				DEBUG_INFORMATION_FORMAT = dwarf;
				ENABLE_STRICT_OBJC_MSGSEND = YES;
				GCC_C_LANGUAGE_STANDARD = gnu99;
				GCC_DYNAMIC_NO_PIC = NO;
				GCC_NO_COMMON_BLOCKS = YES;
				GCC_OPTIMIZATION_LEVEL = 0;
				GCC_PREPROCESSOR_DEFINITIONS = (
					"DEBUG=1",
					"$(inherited)",
				);
				GCC_SYMBOLS_PRIVATE_EXTERN = NO;
				GCC_WARN_64_TO_32_BIT_CONVERSION = YES;
				GCC_WARN_ABOUT_RETURN_TYPE = YES_ERROR;
				GCC_WARN_UNDECLARED_SELECTOR = YES;
				GCC_WARN_UNINITIALIZED_AUTOS = YES_AGGRESSIVE;
				GCC_WARN_UNUSED_FUNCTION = YES;
				GCC_WARN_UNUSED_VARIABLE = YES;
				MACOSX_DEPLOYMENT_TARGET = 10.10;
				MTL_ENABLE_DEBUG_INFO = YES;
				ONLY_ACTIVE_ARCH = YES;
				SDKROOT = macosx;
			};
			name = Debug;
		};
		D8578D1C1AF4338E0083D135 /* Release */ = {
			isa = XCBuildConfiguration;
			buildSettings = {
				ALWAYS_SEARCH_USER_PATHS = NO;
				CLANG_CXX_LANGUAGE_STANDARD = "gnu++0x";
				CLANG_CXX_LIBRARY = "libc++";
				CLANG_ENABLE_MODULES = YES;
				CLANG_ENABLE_OBJC_ARC = YES;
				CLANG_WARN_BOOL_CONVERSION = YES;
				CLANG_WARN_CONSTANT_CONVERSION = YES;
				CLANG_WARN_DIRECT_OBJC_ISA_USAGE = YES_ERROR;
				CLANG_WARN_EMPTY_BODY = YES;
				CLANG_WARN_ENUM_CONVERSION = YES;
				CLANG_WARN_INT_CONVERSION = YES;
				CLANG_WARN_OBJC_ROOT_CLASS = YES_ERROR;
				CLANG_WARN_UNREACHABLE_CODE = YES;
				CLANG_WARN__DUPLICATE_METHOD_MATCH = YES;
				COPY_PHASE_STRIP = NO;
				DEBUG_INFORMATION_FORMAT = "dwarf-with-dsym";
				ENABLE_NS_ASSERTIONS = NO;
				ENABLE_STRICT_OBJC_MSGSEND = YES;
				GCC_C_LANGUAGE_STANDARD = gnu99;
				GCC_NO_COMMON_BLOCKS = YES;
				GCC_WARN_64_TO_32_BIT_CONVERSION = YES;
				GCC_WARN_ABOUT_RETURN_TYPE = YES_ERROR;
				GCC_WARN_UNDECLARED_SELECTOR = YES;
				GCC_WARN_UNINITIALIZED_AUTOS = YES_AGGRESSIVE;
				GCC_WARN_UNUSED_FUNCTION = YES;
				GCC_WARN_UNUSED_VARIABLE = YES;
				MACOSX_DEPLOYMENT_TARGET = 10.10;
				MTL_ENABLE_DEBUG_INFO = NO;
				SDKROOT = macosx;
			};
			name = Release;
		};
		D8578D1E1AF4338E0083D135 /* Debug */ = {
			isa = XCBuildConfiguration;
			buildSettings = {
				ALWAYS_SEARCH_USER_PATHS = YES;
				ARCHS = "$(ARCHS_STANDARD_32_BIT)";
				FRAMEWORK_SEARCH_PATHS = (
					"$(inherited)",
					"$(LOCAL_LIBRARY_DIR)/Frameworks",
					"$(PROJECT_DIR)",
				);
				GCC_OPTIMIZATION_LEVEL = 0;
				HEADER_SEARCH_PATHS = (
					"$(inherited)",
					/Applications/Xcode.app/Contents/Developer/Toolchains/XcodeDefault.xctoolchain/usr/include,
					"/Library/Frameworks/Mono.framework/Headers/mono-2.0",
				);
				LIBRARY_SEARCH_PATHS = (
					"$(inherited)",
					"$(LOCAL_LIBRARY_DIR)/Frameworks/Mono.framework",
				);
				OTHER_CFLAGS = "";
				OTHER_CPLUSPLUSFLAGS = "$(OTHER_CFLAGS)";
				OTHER_LDFLAGS = "";
				PRODUCT_NAME = "$(TARGET_NAME)";
			};
			name = Debug;
		};
		D8578D1F1AF4338E0083D135 /* Release */ = {
			isa = XCBuildConfiguration;
			buildSettings = {
				ALWAYS_SEARCH_USER_PATHS = YES;
				ARCHS = "$(ARCHS_STANDARD_32_BIT)";
				FRAMEWORK_SEARCH_PATHS = (
					"$(inherited)",
					"$(LOCAL_LIBRARY_DIR)/Frameworks",
					"$(PROJECT_DIR)",
				);
				HEADER_SEARCH_PATHS = (
					"$(inherited)",
					/Applications/Xcode.app/Contents/Developer/Toolchains/XcodeDefault.xctoolchain/usr/include,
					"/Library/Frameworks/Mono.framework/Headers/mono-2.0",
				);
				LIBRARY_SEARCH_PATHS = (
					"$(inherited)",
					"$(LOCAL_LIBRARY_DIR)/Frameworks/Mono.framework",
				);
				OTHER_CFLAGS = "";
				OTHER_CPLUSPLUSFLAGS = "$(OTHER_CFLAGS)";
				OTHER_LDFLAGS = "";
				PRODUCT_NAME = "$(TARGET_NAME)";
			};
			name = Release;
		};
/* End XCBuildConfiguration section */

/* Begin XCConfigurationList section */
		D8578D111AF4338E0083D135 /* Build configuration list for PBXProject "MonoEmbedTest" */ = {
			isa = XCConfigurationList;
			buildConfigurations = (
				D8578D1B1AF4338E0083D135 /* Debug */,
				D8578D1C1AF4338E0083D135 /* Release */,
			);
			defaultConfigurationIsVisible = 0;
			defaultConfigurationName = Release;
		};
		D8578D1D1AF4338E0083D135 /* Build configuration list for PBXNativeTarget "MonoEmbedTest" */ = {
			isa = XCConfigurationList;
			buildConfigurations = (
				D8578D1E1AF4338E0083D135 /* Debug */,
				D8578D1F1AF4338E0083D135 /* Release */,
			);
			defaultConfigurationIsVisible = 0;
			defaultConfigurationName = Release;
		};
/* End XCConfigurationList section */
	};
	rootObject = D8578D0E1AF4338E0083D135 /* Project object */;
}
